{
    "_meta": {
        "hash": {
            "sha256": "cfc0e2650bc5ff8a13028e0004ce2f097837a96b44f72b915ed5f39a76095249"
        },
        "pipfile-spec": 6,
        "requires": {
            "python_version": "3.11"
        },
        "sources": [
            {
                "name": "pypi",
                "url": "https://pypi.org/simple",
                "verify_ssl": true
            }
        ]
    },
    "default": {
        "asgiref": {
            "hashes": [
                "sha256:89b2ef2247e3b562a16eef663bc0e2e703ec6468e2fa8a5cd61cd449786d4f6e",
                "sha256:9e0ce3aa93a819ba5b45120216b23878cf6e8525eb3848653452b4192b92afed"
            ],
            "markers": "python_version >= '3.7'",
            "version": "==3.7.2"
        },
        "django": {
            "hashes": [
                "sha256:5e5c1c9548ffb7796b4a8a4782e9a2e5a3df3615259fc1bfd3ebc73b646146c1",
                "sha256:b6b2b5cae821077f137dc4dade696a1c2aa292f892eca28fa8d7bfdf2608ddd4"
            ],
            "index": "pypi",
            "markers": "python_version >= '3.8'",
            "version": "==4.2.5"
        },
        "sqlparse": {
            "hashes": [
                "sha256:5430a4fe2ac7d0f93e66f1efc6e1338a41884b7ddf2a350cedd20ccc4d9d28f3",
                "sha256:d446183e84b8349fa3061f0fe7f06ca94ba65b426946ffebe6e3e8295332420c"
            ],
            "markers": "python_version >= '3.5'",
            "version": "==0.4.4"
        },
        "whitenoise": {
            "hashes": [
                "sha256:60154b976a13901414a25b0273a841145f77eb34a141f9ae032a0ace3e4d5b27",
                "sha256:6dd26bfda3af29177d8ab7333a0c7b7642eb615ce83764f4d15a9aecda3201c4"
            ],
            "index": "pypi",
            "version": "==5.1.0"
        }
    },
    "develop": {}
}
